
Microsoft Visual Studio Solution File, Format Version 12.00
# Visual Studio 15
VisualStudioVersion = 15.0.26730.12
MinimumVisualStudioVersion = 10.0.40219.1
Project("{8BC9CEB8-8B4A-11D0-8D11-00A0C91BC942}") = "WS07", "WS07\WS07.vcxproj", "{8A61F098-A07A-422A-95CB-FB8C84E84213}"
EndProject
Global
	GlobalSection(SolutionConfigurationPlatforms) = preSolution
		Debug|x64 = Debug|x64
		Debug|x86 = Debug|x86
		Release|x64 = Release|x64
		Release|x86 = Release|x86
	EndGlobalSection
	GlobalSection(ProjectConfigurationPlatforms) = postSolution
		{8A61F098-A07A-422A-95CB-FB8C84E84213}.Debug|x64.ActiveCfg = Debug|x64
		{8A61F098-A07A-422A-95CB-FB8C84E84213}.Debug|x64.Build.0 = Debug|x64
		{8A61F098-A07A-422A-95CB-FB8C84E84213}.Debug|x86.ActiveCfg = Debug|Win32
		{8A61F098-A07A-422A-95CB-FB8C84E84213}.Debug|x86.Build.0 = Debug|Win32
		{8A61F098-A07A-422A-95CB-FB8C84E84213}.Release|x64.ActiveCfg = Release|x64
		{8A61F098-A07A-422A-95CB-FB8C84E84213}.Release|x64.Build.0 = Release|x64
		{8A61F098-A07A-422A-95CB-FB8C84E84213}.Release|x86.ActiveCfg = Release|Win32
		{8A61F098-A07A-422A-95CB-FB8C84E84213}.Release|x86.Build.0 = Release|Win32
	EndGlobalSection
	GlobalSection(SolutionProperties) = preSolution
		HideSolutionNode = FALSE
	EndGlobalSection
	GlobalSection(ExtensibilityGlobals) = postSolution
		SolutionGuid = {CDCA59F3-4EE4-4634-80BE-0289DF075BEF}
	EndGlobalSection
EndGlobal
