
Microsoft Visual Studio Solution File, Format Version 12.00
# Visual Studio 15
VisualStudioVersion = 15.0.26730.12
MinimumVisualStudioVersion = 10.0.40219.1
Project("{8BC9CEB8-8B4A-11D0-8D11-00A0C91BC942}") = "WS03", "WS03\WS03.vcxproj", "{B82776CE-3DE8-4CDA-AB26-34DE50C09CF9}"
EndProject
Global
	GlobalSection(SolutionConfigurationPlatforms) = preSolution
		Debug|x64 = Debug|x64
		Debug|x86 = Debug|x86
		Release|x64 = Release|x64
		Release|x86 = Release|x86
	EndGlobalSection
	GlobalSection(ProjectConfigurationPlatforms) = postSolution
		{B82776CE-3DE8-4CDA-AB26-34DE50C09CF9}.Debug|x64.ActiveCfg = Debug|x64
		{B82776CE-3DE8-4CDA-AB26-34DE50C09CF9}.Debug|x64.Build.0 = Debug|x64
		{B82776CE-3DE8-4CDA-AB26-34DE50C09CF9}.Debug|x86.ActiveCfg = Debug|Win32
		{B82776CE-3DE8-4CDA-AB26-34DE50C09CF9}.Debug|x86.Build.0 = Debug|Win32
		{B82776CE-3DE8-4CDA-AB26-34DE50C09CF9}.Release|x64.ActiveCfg = Release|x64
		{B82776CE-3DE8-4CDA-AB26-34DE50C09CF9}.Release|x64.Build.0 = Release|x64
		{B82776CE-3DE8-4CDA-AB26-34DE50C09CF9}.Release|x86.ActiveCfg = Release|Win32
		{B82776CE-3DE8-4CDA-AB26-34DE50C09CF9}.Release|x86.Build.0 = Release|Win32
	EndGlobalSection
	GlobalSection(SolutionProperties) = preSolution
		HideSolutionNode = FALSE
	EndGlobalSection
	GlobalSection(ExtensibilityGlobals) = postSolution
		SolutionGuid = {A97D9A9A-7865-4A9B-AD63-CD47C8091339}
	EndGlobalSection
EndGlobal
